// !$*UTF8*$!
{
	archiveVersion = 1;
	classes = {
	};
	objectVersion = 54;
	objects = {

/* Begin PBXBuildFile section */
		B30D2ABE2717CD6D00E4F414 /* libjaguar.a in Frameworks */ = {isa = PBXBuildFile; fileRef = B38DDE3126F710F800AC78C2 /* libjaguar.a */; };
		B30D2AC62717CEC300E4F414 /* file_stream_transforms.c in Sources */ = {isa = PBXBuildFile; fileRef = B30D2AC42717CEC300E4F414 /* file_stream_transforms.c */; };
		B30D2AC82717CEC300E4F414 /* file_stream.c in Sources */ = {isa = PBXBuildFile; fileRef = B30D2AC52717CEC300E4F414 /* file_stream.c */; };
		B30D2AD52717CF0200E4F414 /* vfs_implementation.c in Sources */ = {isa = PBXBuildFile; fileRef = B30D2AD02717CEFD00E4F414 /* vfs_implementation.c */; };
		B30D2AE32717CF6C00E4F414 /* file_path.c in Sources */ = {isa = PBXBuildFile; fileRef = B30D2AE22717CF6800E4F414 /* file_path.c */; };
		B30D2AE42717CF6C00E4F414 /* file_path_io.c in Sources */ = {isa = PBXBuildFile; fileRef = B30D2AE12717CF6800E4F414 /* file_path_io.c */; };
		B30D2AE72717CF7C00E4F414 /* rtime.c in Sources */ = {isa = PBXBuildFile; fileRef = B30D2ACE2717CEFD00E4F414 /* rtime.c */; };
		B30D2AE92717CF9400E4F414 /* stdstring.c in Sources */ = {isa = PBXBuildFile; fileRef = B30D2AD32717CEFD00E4F414 /* stdstring.c */; };
		B30D2AEB2717CFA400E4F414 /* encoding_utf.c in Sources */ = {isa = PBXBuildFile; fileRef = B30D2ADF2717CF6800E4F414 /* encoding_utf.c */; };
		B331406D2060CC3E001D3526 /* PVJaguarGameCore.m in Sources */ = {isa = PBXBuildFile; fileRef = B33140172060CC3E001D3526 /* PVJaguarGameCore.m */; };
		B331406F2060CC3E001D3526 /* PVJaguarGameCore.h in Headers */ = {isa = PBXBuildFile; fileRef = B33140192060CC3E001D3526 /* PVJaguarGameCore.h */; settings = {ATTRIBUTES = (Public, ); }; };
		B33141692060DEB3001D3526 /* Core.plist in Resources */ = {isa = PBXBuildFile; fileRef = B33141682060DEB3001D3526 /* Core.plist */; };
		B35D663F218019200005A992 /* PVSupport.framework in Frameworks */ = {isa = PBXBuildFile; fileRef = B35D663E218019200005A992 /* PVSupport.framework */; };
		B387E08726F71F7B00154D39 /* CoreOptions.swift in Sources */ = {isa = PBXBuildFile; fileRef = B387E08626F71F7B00154D39 /* CoreOptions.swift */; };
		B38DDE3C26F7111300AC78C2 /* jaguar.c in Sources */ = {isa = PBXBuildFile; fileRef = B33140FD2060CE1E001D3526 /* jaguar.c */; };
		B38DDE3D26F7111300AC78C2 /* crc32.c in Sources */ = {isa = PBXBuildFile; fileRef = B33141112060CE20001D3526 /* crc32.c */; };
		B38DDE3E26F7111300AC78C2 /* joystick.c in Sources */ = {isa = PBXBuildFile; fileRef = B33141152060CE21001D3526 /* joystick.c */; };
		B38DDE3F26F7111300AC78C2 /* readcpu.c in Sources */ = {isa = PBXBuildFile; fileRef = B33140D82060CE1C001D3526 /* readcpu.c */; };
		B38DDE4026F7111300AC78C2 /* file.c in Sources */ = {isa = PBXBuildFile; fileRef = B33140FB2060CE1E001D3526 /* file.c */; };
		B38DDE4126F7111300AC78C2 /* op.c in Sources */ = {isa = PBXBuildFile; fileRef = B33140F62060CE1D001D3526 /* op.c */; };
		B38DDE4226F7111300AC78C2 /* jerry.c in Sources */ = {isa = PBXBuildFile; fileRef = B33141092060CE1F001D3526 /* jerry.c */; };
		B38DDE4326F7111300AC78C2 /* event.c in Sources */ = {isa = PBXBuildFile; fileRef = B33140EA2060CE1C001D3526 /* event.c */; };
		B38DDE4426F7111400AC78C2 /* wavetable.c in Sources */ = {isa = PBXBuildFile; fileRef = B33140EE2060CE1C001D3526 /* wavetable.c */; };
		B38DDE4526F7111400AC78C2 /* blitter.c in Sources */ = {isa = PBXBuildFile; fileRef = B331410E2060CE20001D3526 /* blitter.c */; };
		B38DDE4626F7111400AC78C2 /* jagstub2bios.c in Sources */ = {isa = PBXBuildFile; fileRef = B331410F2060CE20001D3526 /* jagstub2bios.c */; };
		B38DDE4726F7111400AC78C2 /* jagbios.c in Sources */ = {isa = PBXBuildFile; fileRef = B33141082060CE1F001D3526 /* jagbios.c */; };
		B38DDE4826F7111400AC78C2 /* filedb.c in Sources */ = {isa = PBXBuildFile; fileRef = B33140CC2060CE1B001D3526 /* filedb.c */; };
		B38DDE4A26F7111400AC78C2 /* cdintf.c in Sources */ = {isa = PBXBuildFile; fileRef = B33140F12060CE1D001D3526 /* cdintf.c */; };
		B38DDE4B26F7111400AC78C2 /* eeprom.c in Sources */ = {isa = PBXBuildFile; fileRef = B33140F82060CE1D001D3526 /* eeprom.c */; };
		B38DDE4C26F7111400AC78C2 /* m68kinterface.c in Sources */ = {isa = PBXBuildFile; fileRef = B33140E12060CE1C001D3526 /* m68kinterface.c */; };
		B38DDE4D26F7111400AC78C2 /* tom.c in Sources */ = {isa = PBXBuildFile; fileRef = B33140C92060CE1B001D3526 /* tom.c */; };
		B38DDE4E26F7111400AC78C2 /* settings.c in Sources */ = {isa = PBXBuildFile; fileRef = B33140EB2060CE1C001D3526 /* settings.c */; };
		B38DDE4F26F7111400AC78C2 /* cpustbl.c in Sources */ = {isa = PBXBuildFile; fileRef = B33140E42060CE1C001D3526 /* cpustbl.c */; };
		B38DDE5026F7111400AC78C2 /* universalhdr.c in Sources */ = {isa = PBXBuildFile; fileRef = B33141102060CE20001D3526 /* universalhdr.c */; };
		B38DDE5126F7111400AC78C2 /* jagbios2.c in Sources */ = {isa = PBXBuildFile; fileRef = B33140C82060CE1B001D3526 /* jagbios2.c */; };
		B38DDE5226F7111400AC78C2 /* cdrom.c in Sources */ = {isa = PBXBuildFile; fileRef = B33140FF2060CE1E001D3526 /* cdrom.c */; };
		B38DDE5326F7111400AC78C2 /* dac.c in Sources */ = {isa = PBXBuildFile; fileRef = B33140CB2060CE1B001D3526 /* dac.c */; };
		B38DDE5426F7111400AC78C2 /* gpu.c in Sources */ = {isa = PBXBuildFile; fileRef = B33141012060CE1E001D3526 /* gpu.c */; };
		B38DDE5626F7111400AC78C2 /* jagdevcdbios.c in Sources */ = {isa = PBXBuildFile; fileRef = B33140D42060CE1C001D3526 /* jagdevcdbios.c */; };
		B38DDE5726F7111400AC78C2 /* jagstub1bios.c in Sources */ = {isa = PBXBuildFile; fileRef = B33140EC2060CE1C001D3526 /* jagstub1bios.c */; };
		B38DDE5826F7111400AC78C2 /* cpuextra.c in Sources */ = {isa = PBXBuildFile; fileRef = B33140E72060CE1C001D3526 /* cpuextra.c */; };
		B38DDE5A26F7111400AC78C2 /* cpuemu.c in Sources */ = {isa = PBXBuildFile; fileRef = B33140DE2060CE1C001D3526 /* cpuemu.c */; };
		B38DDE5B26F7111400AC78C2 /* memtrack.c in Sources */ = {isa = PBXBuildFile; fileRef = B33141072060CE1F001D3526 /* memtrack.c */; };
		B38DDE5C26F7111400AC78C2 /* dsp.c in Sources */ = {isa = PBXBuildFile; fileRef = B33140C52060CE1B001D3526 /* dsp.c */; };
		B38DDE5D26F7111400AC78C2 /* jagcdbios.c in Sources */ = {isa = PBXBuildFile; fileRef = B33140D32060CE1C001D3526 /* jagcdbios.c */; };
		B38DDE5E26F7111400AC78C2 /* vjag_memory.c in Sources */ = {isa = PBXBuildFile; fileRef = B33140D02060CE1B001D3526 /* vjag_memory.c */; };
		B38DDE5F26F7111400AC78C2 /* cpudefs.c in Sources */ = {isa = PBXBuildFile; fileRef = B33140DA2060CE1C001D3526 /* cpudefs.c */; };
		B38DDE6026F7111400AC78C2 /* mmu.c in Sources */ = {isa = PBXBuildFile; fileRef = B33140F02060CE1D001D3526 /* mmu.c */; };
		B394C99B2060CAB80014A65D /* PVVirtualJaguar.h in Headers */ = {isa = PBXBuildFile; fileRef = B394C9992060CAB80014A65D /* PVVirtualJaguar.h */; settings = {ATTRIBUTES = (Public, ); }; };
		B3AFCF5E2977A69000A01010 /* PVLogging in Frameworks */ = {isa = PBXBuildFile; productRef = B3AFCF5D2977A69000A01010 /* PVLogging */; };
/* End PBXBuildFile section */

/* Begin PBXContainerItemProxy section */
		B30D2ABF2717CD6D00E4F414 /* PBXContainerItemProxy */ = {
			isa = PBXContainerItemProxy;
			containerPortal = B394C98D2060CAB80014A65D /* Project object */;
			proxyType = 1;
			remoteGlobalIDString = B38DDE3026F710F800AC78C2;
			remoteInfo = "jaguar-iOS";
		};
/* End PBXContainerItemProxy section */

/* Begin PBXCopyFilesBuildPhase section */
		B38DDE2F26F710F800AC78C2 /* CopyFiles */ = {
			isa = PBXCopyFilesBuildPhase;
			buildActionMask = 2147483647;
			dstPath = "include/$(PRODUCT_NAME)";
			dstSubfolderSpec = 16;
			files = (
			);
			runOnlyForDeploymentPostprocessing = 0;
		};
/* End PBXCopyFilesBuildPhase section */

/* Begin PBXFileReference section */
		B30D2AC42717CEC300E4F414 /* file_stream_transforms.c */ = {isa = PBXFileReference; fileEncoding = 4; lastKnownFileType = sourcecode.c.c; path = file_stream_transforms.c; sourceTree = "<group>"; };
		B30D2AC52717CEC300E4F414 /* file_stream.c */ = {isa = PBXFileReference; fileEncoding = 4; lastKnownFileType = sourcecode.c.c; path = file_stream.c; sourceTree = "<group>"; };
		B30D2ACB2717CED000E4F414 /* file_stream.h */ = {isa = PBXFileReference; lastKnownFileType = sourcecode.c.h; path = file_stream.h; sourceTree = "<group>"; };
		B30D2ACC2717CED000E4F414 /* file_stream_transforms.h */ = {isa = PBXFileReference; lastKnownFileType = sourcecode.c.h; path = file_stream_transforms.h; sourceTree = "<group>"; };
		B30D2ACE2717CEFD00E4F414 /* rtime.c */ = {isa = PBXFileReference; lastKnownFileType = sourcecode.c.c; path = rtime.c; sourceTree = "<group>"; };
		B30D2AD02717CEFD00E4F414 /* vfs_implementation.c */ = {isa = PBXFileReference; lastKnownFileType = sourcecode.c.c; path = vfs_implementation.c; sourceTree = "<group>"; };
		B30D2AD12717CEFD00E4F414 /* vfs_implementation_uwp.cpp */ = {isa = PBXFileReference; lastKnownFileType = sourcecode.cpp.cpp; path = vfs_implementation_uwp.cpp; sourceTree = "<group>"; };
		B30D2AD32717CEFD00E4F414 /* stdstring.c */ = {isa = PBXFileReference; lastKnownFileType = sourcecode.c.c; path = stdstring.c; sourceTree = "<group>"; };
		B30D2AD92717CF6800E4F414 /* compat_strl.c */ = {isa = PBXFileReference; lastKnownFileType = sourcecode.c.c; path = compat_strl.c; sourceTree = "<group>"; };
		B30D2ADA2717CF6800E4F414 /* compat_posix_string.c */ = {isa = PBXFileReference; lastKnownFileType = sourcecode.c.c; path = compat_posix_string.c; sourceTree = "<group>"; };
		B30D2ADB2717CF6800E4F414 /* compat_strcasestr.c */ = {isa = PBXFileReference; lastKnownFileType = sourcecode.c.c; path = compat_strcasestr.c; sourceTree = "<group>"; };
		B30D2ADC2717CF6800E4F414 /* compat_snprintf.c */ = {isa = PBXFileReference; lastKnownFileType = sourcecode.c.c; path = compat_snprintf.c; sourceTree = "<group>"; };
		B30D2ADD2717CF6800E4F414 /* fopen_utf8.c */ = {isa = PBXFileReference; lastKnownFileType = sourcecode.c.c; path = fopen_utf8.c; sourceTree = "<group>"; };
		B30D2ADF2717CF6800E4F414 /* encoding_utf.c */ = {isa = PBXFileReference; lastKnownFileType = sourcecode.c.c; path = encoding_utf.c; sourceTree = "<group>"; };
		B30D2AE12717CF6800E4F414 /* file_path_io.c */ = {isa = PBXFileReference; lastKnownFileType = sourcecode.c.c; path = file_path_io.c; sourceTree = "<group>"; };
		B30D2AE22717CF6800E4F414 /* file_path.c */ = {isa = PBXFileReference; lastKnownFileType = sourcecode.c.c; path = file_path.c; sourceTree = "<group>"; };
		B33140172060CC3E001D3526 /* PVJaguarGameCore.m */ = {isa = PBXFileReference; fileEncoding = 4; lastKnownFileType = sourcecode.c.objc; path = PVJaguarGameCore.m; sourceTree = "<group>"; };
		B33140192060CC3E001D3526 /* PVJaguarGameCore.h */ = {isa = PBXFileReference; fileEncoding = 4; lastKnownFileType = sourcecode.c.h; path = PVJaguarGameCore.h; sourceTree = "<group>"; };
		B33140C52060CE1B001D3526 /* dsp.c */ = {isa = PBXFileReference; fileEncoding = 4; lastKnownFileType = sourcecode.c.c; path = dsp.c; sourceTree = "<group>"; };
		B33140C72060CE1B001D3526 /* cdrom.h */ = {isa = PBXFileReference; fileEncoding = 4; lastKnownFileType = sourcecode.c.h; path = cdrom.h; sourceTree = "<group>"; };
		B33140C82060CE1B001D3526 /* jagbios2.c */ = {isa = PBXFileReference; fileEncoding = 4; lastKnownFileType = sourcecode.c.c; path = jagbios2.c; sourceTree = "<group>"; };
		B33140C92060CE1B001D3526 /* tom.c */ = {isa = PBXFileReference; fileEncoding = 4; lastKnownFileType = sourcecode.c.c; path = tom.c; sourceTree = "<group>"; };
		B33140CA2060CE1B001D3526 /* settings.h */ = {isa = PBXFileReference; fileEncoding = 4; lastKnownFileType = sourcecode.c.h; path = settings.h; sourceTree = "<group>"; };
		B33140CB2060CE1B001D3526 /* dac.c */ = {isa = PBXFileReference; fileEncoding = 4; indentWidth = 2; lastKnownFileType = sourcecode.c.c; path = dac.c; sourceTree = "<group>"; tabWidth = 2; };
		B33140CC2060CE1B001D3526 /* filedb.c */ = {isa = PBXFileReference; fileEncoding = 4; lastKnownFileType = sourcecode.c.c; path = filedb.c; sourceTree = "<group>"; };
		B33140CD2060CE1B001D3526 /* jagbios2.h */ = {isa = PBXFileReference; fileEncoding = 4; lastKnownFileType = sourcecode.c.h; path = jagbios2.h; sourceTree = "<group>"; };
		B33140CE2060CE1B001D3526 /* blitter.h */ = {isa = PBXFileReference; fileEncoding = 4; lastKnownFileType = sourcecode.c.h; path = blitter.h; sourceTree = "<group>"; };
		B33140CF2060CE1B001D3526 /* jagstub2bios.h */ = {isa = PBXFileReference; fileEncoding = 4; lastKnownFileType = sourcecode.c.h; path = jagstub2bios.h; sourceTree = "<group>"; };
		B33140D02060CE1B001D3526 /* vjag_memory.c */ = {isa = PBXFileReference; fileEncoding = 4; lastKnownFileType = sourcecode.c.c; path = vjag_memory.c; sourceTree = "<group>"; };
		B33140D22060CE1C001D3526 /* crc32.h */ = {isa = PBXFileReference; fileEncoding = 4; lastKnownFileType = sourcecode.c.h; path = crc32.h; sourceTree = "<group>"; };
		B33140D32060CE1C001D3526 /* jagcdbios.c */ = {isa = PBXFileReference; fileEncoding = 4; lastKnownFileType = sourcecode.c.c; path = jagcdbios.c; sourceTree = "<group>"; };
		B33140D42060CE1C001D3526 /* jagdevcdbios.c */ = {isa = PBXFileReference; fileEncoding = 4; lastKnownFileType = sourcecode.c.c; path = jagdevcdbios.c; sourceTree = "<group>"; };
		B33140D72060CE1C001D3526 /* m68kinterface.h */ = {isa = PBXFileReference; fileEncoding = 4; lastKnownFileType = sourcecode.c.h; path = m68kinterface.h; sourceTree = "<group>"; };
		B33140D82060CE1C001D3526 /* readcpu.c */ = {isa = PBXFileReference; fileEncoding = 4; lastKnownFileType = sourcecode.c.c; path = readcpu.c; sourceTree = "<group>"; };
		B33140DA2060CE1C001D3526 /* cpudefs.c */ = {isa = PBXFileReference; fileEncoding = 4; lastKnownFileType = sourcecode.c.c; path = cpudefs.c; sourceTree = "<group>"; };
		B33140DD2060CE1C001D3526 /* cputbl.h */ = {isa = PBXFileReference; fileEncoding = 4; lastKnownFileType = sourcecode.c.h; path = cputbl.h; sourceTree = "<group>"; };
		B33140DE2060CE1C001D3526 /* cpuemu.c */ = {isa = PBXFileReference; fileEncoding = 4; lastKnownFileType = sourcecode.c.c; path = cpuemu.c; sourceTree = "<group>"; };
		B33140E02060CE1C001D3526 /* cpuextra.h */ = {isa = PBXFileReference; fileEncoding = 4; lastKnownFileType = sourcecode.c.h; path = cpuextra.h; sourceTree = "<group>"; };
		B33140E12060CE1C001D3526 /* m68kinterface.c */ = {isa = PBXFileReference; fileEncoding = 4; lastKnownFileType = sourcecode.c.c; path = m68kinterface.c; sourceTree = "<group>"; };
		B33140E22060CE1C001D3526 /* cpudefs.h */ = {isa = PBXFileReference; fileEncoding = 4; lastKnownFileType = sourcecode.c.h; path = cpudefs.h; sourceTree = "<group>"; };
		B33140E32060CE1C001D3526 /* readcpu.h */ = {isa = PBXFileReference; fileEncoding = 4; lastKnownFileType = sourcecode.c.h; path = readcpu.h; sourceTree = "<group>"; };
		B33140E42060CE1C001D3526 /* cpustbl.c */ = {isa = PBXFileReference; fileEncoding = 4; lastKnownFileType = sourcecode.c.c; path = cpustbl.c; sourceTree = "<group>"; };
		B33140E52060CE1C001D3526 /* inlines.h */ = {isa = PBXFileReference; fileEncoding = 4; lastKnownFileType = sourcecode.c.h; path = inlines.h; sourceTree = "<group>"; };
		B33140E62060CE1C001D3526 /* sysdeps.h */ = {isa = PBXFileReference; fileEncoding = 4; lastKnownFileType = sourcecode.c.h; path = sysdeps.h; sourceTree = "<group>"; };
		B33140E72060CE1C001D3526 /* cpuextra.c */ = {isa = PBXFileReference; fileEncoding = 4; lastKnownFileType = sourcecode.c.c; path = cpuextra.c; sourceTree = "<group>"; };
		B33140E82060CE1C001D3526 /* filedb.h */ = {isa = PBXFileReference; fileEncoding = 4; lastKnownFileType = sourcecode.c.h; path = filedb.h; sourceTree = "<group>"; };
		B33140EA2060CE1C001D3526 /* event.c */ = {isa = PBXFileReference; fileEncoding = 4; lastKnownFileType = sourcecode.c.c; path = event.c; sourceTree = "<group>"; };
		B33140EB2060CE1C001D3526 /* settings.c */ = {isa = PBXFileReference; fileEncoding = 4; lastKnownFileType = sourcecode.c.c; path = settings.c; sourceTree = "<group>"; };
		B33140EC2060CE1C001D3526 /* jagstub1bios.c */ = {isa = PBXFileReference; fileEncoding = 4; lastKnownFileType = sourcecode.c.c; path = jagstub1bios.c; sourceTree = "<group>"; };
		B33140EE2060CE1C001D3526 /* wavetable.c */ = {isa = PBXFileReference; fileEncoding = 4; lastKnownFileType = sourcecode.c.c; path = wavetable.c; sourceTree = "<group>"; };
		B33140EF2060CE1C001D3526 /* vjag_memory.h */ = {isa = PBXFileReference; fileEncoding = 4; lastKnownFileType = sourcecode.c.h; path = vjag_memory.h; sourceTree = "<group>"; };
		B33140F02060CE1D001D3526 /* mmu.c */ = {isa = PBXFileReference; fileEncoding = 4; lastKnownFileType = sourcecode.c.c; path = mmu.c; sourceTree = "<group>"; };
		B33140F12060CE1D001D3526 /* cdintf.c */ = {isa = PBXFileReference; fileEncoding = 4; lastKnownFileType = sourcecode.c.c; path = cdintf.c; sourceTree = "<group>"; };
		B33140F22060CE1D001D3526 /* eeprom.h */ = {isa = PBXFileReference; fileEncoding = 4; lastKnownFileType = sourcecode.c.h; path = eeprom.h; sourceTree = "<group>"; };
		B33140F32060CE1D001D3526 /* event.h */ = {isa = PBXFileReference; fileEncoding = 4; lastKnownFileType = sourcecode.c.h; path = event.h; sourceTree = "<group>"; };
		B33140F42060CE1D001D3526 /* gpu.h */ = {isa = PBXFileReference; fileEncoding = 4; lastKnownFileType = sourcecode.c.h; path = gpu.h; sourceTree = "<group>"; };
		B33140F52060CE1D001D3526 /* joystick.h */ = {isa = PBXFileReference; fileEncoding = 4; lastKnownFileType = sourcecode.c.h; path = joystick.h; sourceTree = "<group>"; };
		B33140F62060CE1D001D3526 /* op.c */ = {isa = PBXFileReference; fileEncoding = 4; lastKnownFileType = sourcecode.c.c; path = op.c; sourceTree = "<group>"; };
		B33140F72060CE1D001D3526 /* universalhdr.h */ = {isa = PBXFileReference; fileEncoding = 4; lastKnownFileType = sourcecode.c.h; path = universalhdr.h; sourceTree = "<group>"; };
		B33140F82060CE1D001D3526 /* eeprom.c */ = {isa = PBXFileReference; fileEncoding = 4; lastKnownFileType = sourcecode.c.c; path = eeprom.c; sourceTree = "<group>"; };
		B33140F92060CE1D001D3526 /* boolean.h */ = {isa = PBXFileReference; fileEncoding = 4; lastKnownFileType = sourcecode.c.h; path = boolean.h; sourceTree = "<group>"; };
		B33140FA2060CE1E001D3526 /* jagstub1bios.h */ = {isa = PBXFileReference; fileEncoding = 4; lastKnownFileType = sourcecode.c.h; path = jagstub1bios.h; sourceTree = "<group>"; };
		B33140FB2060CE1E001D3526 /* file.c */ = {isa = PBXFileReference; fileEncoding = 4; lastKnownFileType = sourcecode.c.c; path = file.c; sourceTree = "<group>"; };
		B33140FC2060CE1E001D3526 /* jagdevcdbios.h */ = {isa = PBXFileReference; fileEncoding = 4; lastKnownFileType = sourcecode.c.h; path = jagdevcdbios.h; sourceTree = "<group>"; };
		B33140FD2060CE1E001D3526 /* jaguar.c */ = {isa = PBXFileReference; fileEncoding = 4; lastKnownFileType = sourcecode.c.c; path = jaguar.c; sourceTree = "<group>"; };
		B33140FF2060CE1E001D3526 /* cdrom.c */ = {isa = PBXFileReference; fileEncoding = 4; lastKnownFileType = sourcecode.c.c; path = cdrom.c; sourceTree = "<group>"; };
		B33141002060CE1E001D3526 /* cdintf.h */ = {isa = PBXFileReference; fileEncoding = 4; lastKnownFileType = sourcecode.c.h; path = cdintf.h; sourceTree = "<group>"; };
		B33141012060CE1E001D3526 /* gpu.c */ = {isa = PBXFileReference; fileEncoding = 4; lastKnownFileType = sourcecode.c.c; path = gpu.c; sourceTree = "<group>"; };
		B33141022060CE1E001D3526 /* file.h */ = {isa = PBXFileReference; fileEncoding = 4; lastKnownFileType = sourcecode.c.h; path = file.h; sourceTree = "<group>"; };
		B33141032060CE1F001D3526 /* jerry.h */ = {isa = PBXFileReference; fileEncoding = 4; lastKnownFileType = sourcecode.c.h; path = jerry.h; sourceTree = "<group>"; };
		B33141042060CE1F001D3526 /* memtrack.h */ = {isa = PBXFileReference; fileEncoding = 4; lastKnownFileType = sourcecode.c.h; path = memtrack.h; sourceTree = "<group>"; };
		B33141052060CE1F001D3526 /* wavetable.h */ = {isa = PBXFileReference; fileEncoding = 4; lastKnownFileType = sourcecode.c.h; path = wavetable.h; sourceTree = "<group>"; };
		B33141062060CE1F001D3526 /* tom.h */ = {isa = PBXFileReference; fileEncoding = 4; lastKnownFileType = sourcecode.c.h; path = tom.h; sourceTree = "<group>"; };
		B33141072060CE1F001D3526 /* memtrack.c */ = {isa = PBXFileReference; fileEncoding = 4; lastKnownFileType = sourcecode.c.c; path = memtrack.c; sourceTree = "<group>"; };
		B33141082060CE1F001D3526 /* jagbios.c */ = {isa = PBXFileReference; fileEncoding = 4; lastKnownFileType = sourcecode.c.c; path = jagbios.c; sourceTree = "<group>"; };
		B33141092060CE1F001D3526 /* jerry.c */ = {isa = PBXFileReference; fileEncoding = 4; lastKnownFileType = sourcecode.c.c; path = jerry.c; sourceTree = "<group>"; };
		B331410A2060CE1F001D3526 /* dsp.h */ = {isa = PBXFileReference; fileEncoding = 4; lastKnownFileType = sourcecode.c.h; path = dsp.h; sourceTree = "<group>"; };
		B331410B2060CE1F001D3526 /* jaguar.h */ = {isa = PBXFileReference; fileEncoding = 4; lastKnownFileType = sourcecode.c.h; path = jaguar.h; sourceTree = "<group>"; };
		B331410C2060CE20001D3526 /* dac.h */ = {isa = PBXFileReference; fileEncoding = 4; lastKnownFileType = sourcecode.c.h; path = dac.h; sourceTree = "<group>"; };
		B331410D2060CE20001D3526 /* mmu.h */ = {isa = PBXFileReference; fileEncoding = 4; lastKnownFileType = sourcecode.c.h; path = mmu.h; sourceTree = "<group>"; };
		B331410E2060CE20001D3526 /* blitter.c */ = {isa = PBXFileReference; fileEncoding = 4; lastKnownFileType = sourcecode.c.c; path = blitter.c; sourceTree = "<group>"; };
		B331410F2060CE20001D3526 /* jagstub2bios.c */ = {isa = PBXFileReference; fileEncoding = 4; lastKnownFileType = sourcecode.c.c; path = jagstub2bios.c; sourceTree = "<group>"; };
		B33141102060CE20001D3526 /* universalhdr.c */ = {isa = PBXFileReference; fileEncoding = 4; lastKnownFileType = sourcecode.c.c; path = universalhdr.c; sourceTree = "<group>"; };
		B33141112060CE20001D3526 /* crc32.c */ = {isa = PBXFileReference; fileEncoding = 4; lastKnownFileType = sourcecode.c.c; path = crc32.c; sourceTree = "<group>"; };
		B33141122060CE20001D3526 /* jagbios.h */ = {isa = PBXFileReference; fileEncoding = 4; lastKnownFileType = sourcecode.c.h; path = jagbios.h; sourceTree = "<group>"; };
		B33141132060CE20001D3526 /* jagcdbios.h */ = {isa = PBXFileReference; fileEncoding = 4; lastKnownFileType = sourcecode.c.h; path = jagcdbios.h; sourceTree = "<group>"; };
		B33141152060CE21001D3526 /* joystick.c */ = {isa = PBXFileReference; fileEncoding = 4; lastKnownFileType = sourcecode.c.c; path = joystick.c; sourceTree = "<group>"; };
		B33141162060CE21001D3526 /* op.h */ = {isa = PBXFileReference; fileEncoding = 4; lastKnownFileType = sourcecode.c.h; path = op.h; sourceTree = "<group>"; };
		B33141682060DEB3001D3526 /* Core.plist */ = {isa = PBXFileReference; fileEncoding = 4; lastKnownFileType = text.plist.xml; path = Core.plist; sourceTree = "<group>"; };
		B35D663E218019200005A992 /* PVSupport.framework */ = {isa = PBXFileReference; lastKnownFileType = wrapper.framework; name = PVSupport.framework; path = Carthage/Build/iOS/PVSupport.framework; sourceTree = "<group>"; };
		B35D6640218019350005A992 /* PVSupport.framework */ = {isa = PBXFileReference; lastKnownFileType = wrapper.framework; name = PVSupport.framework; path = Carthage/Build/tvOS/PVSupport.framework; sourceTree = "<group>"; };
		B387E08626F71F7B00154D39 /* CoreOptions.swift */ = {isa = PBXFileReference; lastKnownFileType = sourcecode.swift; path = CoreOptions.swift; sourceTree = "<group>"; };
		B38DDE3126F710F800AC78C2 /* libjaguar.a */ = {isa = PBXFileReference; explicitFileType = archive.ar; includeInIndex = 0; path = libjaguar.a; sourceTree = BUILT_PRODUCTS_DIR; };
		B394C9962060CAB80014A65D /* PVVirtualJaguar.framework */ = {isa = PBXFileReference; explicitFileType = wrapper.framework; includeInIndex = 0; path = PVVirtualJaguar.framework; sourceTree = BUILT_PRODUCTS_DIR; };
		B394C9992060CAB80014A65D /* PVVirtualJaguar.h */ = {isa = PBXFileReference; lastKnownFileType = sourcecode.c.h; path = PVVirtualJaguar.h; sourceTree = "<group>"; };
		B394C99A2060CAB80014A65D /* Info.plist */ = {isa = PBXFileReference; lastKnownFileType = text.plist.xml; path = Info.plist; sourceTree = "<group>"; };
		B3A68345206AF9370051AEE4 /* libretro.c */ = {isa = PBXFileReference; lastKnownFileType = sourcecode.c.c; path = libretro.c; sourceTree = "<group>"; };
		B3A68346206AF9370051AEE4 /* Makefile */ = {isa = PBXFileReference; lastKnownFileType = sourcecode.make; path = Makefile; sourceTree = "<group>"; };
		B3A68348206AF9380051AEE4 /* INSTALL */ = {isa = PBXFileReference; lastKnownFileType = text; path = INSTALL; sourceTree = "<group>"; };
		B3A68349206AF9380051AEE4 /* virtualjaguar.1 */ = {isa = PBXFileReference; lastKnownFileType = text.man; path = virtualjaguar.1; sourceTree = "<group>"; };
		B3A6834A206AF9380051AEE4 /* WHATSNEW */ = {isa = PBXFileReference; lastKnownFileType = text; path = WHATSNEW; sourceTree = "<group>"; };
		B3A6834B206AF9380051AEE4 /* README */ = {isa = PBXFileReference; lastKnownFileType = text; path = README; sourceTree = "<group>"; };
		B3A6834C206AF9380051AEE4 /* TODO */ = {isa = PBXFileReference; lastKnownFileType = text; path = TODO; sourceTree = "<group>"; };
		B3A6834D206AF9380051AEE4 /* GPLv3 */ = {isa = PBXFileReference; lastKnownFileType = text; path = GPLv3; sourceTree = "<group>"; };
		B3A6834E206AF9380051AEE4 /* Makefile.common */ = {isa = PBXFileReference; lastKnownFileType = text; path = Makefile.common; sourceTree = "<group>"; };
		B3A6834F206AF9380051AEE4 /* README.md */ = {isa = PBXFileReference; lastKnownFileType = net.daringfireball.markdown; path = README.md; sourceTree = "<group>"; };
		B3A68350206AF9380051AEE4 /* .gitignore */ = {isa = PBXFileReference; lastKnownFileType = text; path = .gitignore; sourceTree = "<group>"; };
		B3A68351206AF9380051AEE4 /* libretro.h */ = {isa = PBXFileReference; lastKnownFileType = sourcecode.c.h; path = libretro.h; sourceTree = "<group>"; };
		B3A68356206AF9380051AEE4 /* stdint.h */ = {isa = PBXFileReference; lastKnownFileType = sourcecode.c.h; path = stdint.h; sourceTree = "<group>"; };
		B3A68357206AF9380051AEE4 /* link.T */ = {isa = PBXFileReference; lastKnownFileType = text; path = link.T; sourceTree = "<group>"; };
		B3A68359206AF9380051AEE4 /* Android.mk */ = {isa = PBXFileReference; lastKnownFileType = text; path = Android.mk; sourceTree = "<group>"; };
		B3A6835A206AF9380051AEE4 /* Application.mk */ = {isa = PBXFileReference; lastKnownFileType = text; path = Application.mk; sourceTree = "<group>"; };
		B3A6835B206AF9380051AEE4 /* .travis.yml */ = {isa = PBXFileReference; lastKnownFileType = text; path = .travis.yml; sourceTree = "<group>"; };
		B3E5489C2966530D009BFDB9 /* PVEmulatorCore.framework */ = {isa = PBXFileReference; explicitFileType = wrapper.framework; path = PVEmulatorCore.framework; sourceTree = BUILT_PRODUCTS_DIR; };
/* End PBXFileReference section */

/* Begin PBXFrameworksBuildPhase section */
		B38DDE2E26F710F800AC78C2 /* Frameworks */ = {
			isa = PBXFrameworksBuildPhase;
			buildActionMask = 2147483647;
			files = (
			);
			runOnlyForDeploymentPostprocessing = 0;
		};
		B394C9922060CAB80014A65D /* Frameworks */ = {
			isa = PBXFrameworksBuildPhase;
			buildActionMask = 2147483647;
			files = (
				B3AFCF5E2977A69000A01010 /* PVLogging in Frameworks */,
				B35D663F218019200005A992 /* PVSupport.framework in Frameworks */,
				B30D2ABE2717CD6D00E4F414 /* libjaguar.a in Frameworks */,
			);
			runOnlyForDeploymentPostprocessing = 0;
		};
/* End PBXFrameworksBuildPhase section */

/* Begin PBXGroup section */
		B30D2AC32717CEC300E4F414 /* streams */ = {
			isa = PBXGroup;
			children = (
				B30D2AC42717CEC300E4F414 /* file_stream_transforms.c */,
				B30D2AC52717CEC300E4F414 /* file_stream.c */,
			);
			path = streams;
			sourceTree = "<group>";
		};
		B30D2ACA2717CED000E4F414 /* streams */ = {
			isa = PBXGroup;
			children = (
				B30D2ACB2717CED000E4F414 /* file_stream.h */,
				B30D2ACC2717CED000E4F414 /* file_stream_transforms.h */,
			);
			path = streams;
			sourceTree = "<group>";
		};
		B30D2ACD2717CEFD00E4F414 /* time */ = {
			isa = PBXGroup;
			children = (
				B30D2ACE2717CEFD00E4F414 /* rtime.c */,
			);
			path = time;
			sourceTree = "<group>";
		};
		B30D2ACF2717CEFD00E4F414 /* vfs */ = {
			isa = PBXGroup;
			children = (
				B30D2AD02717CEFD00E4F414 /* vfs_implementation.c */,
				B30D2AD12717CEFD00E4F414 /* vfs_implementation_uwp.cpp */,
			);
			path = vfs;
			sourceTree = "<group>";
		};
		B30D2AD22717CEFD00E4F414 /* string */ = {
			isa = PBXGroup;
			children = (
				B30D2AD32717CEFD00E4F414 /* stdstring.c */,
			);
			path = string;
			sourceTree = "<group>";
		};
		B30D2AD82717CF6800E4F414 /* compat */ = {
			isa = PBXGroup;
			children = (
				B30D2AD92717CF6800E4F414 /* compat_strl.c */,
				B30D2ADA2717CF6800E4F414 /* compat_posix_string.c */,
				B30D2ADB2717CF6800E4F414 /* compat_strcasestr.c */,
				B30D2ADC2717CF6800E4F414 /* compat_snprintf.c */,
				B30D2ADD2717CF6800E4F414 /* fopen_utf8.c */,
			);
			path = compat;
			sourceTree = "<group>";
		};
		B30D2ADE2717CF6800E4F414 /* encodings */ = {
			isa = PBXGroup;
			children = (
				B30D2ADF2717CF6800E4F414 /* encoding_utf.c */,
			);
			path = encodings;
			sourceTree = "<group>";
		};
		B30D2AE02717CF6800E4F414 /* file */ = {
			isa = PBXGroup;
			children = (
				B30D2AE12717CF6800E4F414 /* file_path_io.c */,
				B30D2AE22717CF6800E4F414 /* file_path.c */,
			);
			path = file;
			sourceTree = "<group>";
		};
		B33140162060CC3E001D3526 /* VirtualJaguar */ = {
			isa = PBXGroup;
			children = (
				B33140192060CC3E001D3526 /* PVJaguarGameCore.h */,
				B33140172060CC3E001D3526 /* PVJaguarGameCore.m */,
				B387E08626F71F7B00154D39 /* CoreOptions.swift */,
			);
			path = VirtualJaguar;
			sourceTree = "<group>";
		};
		B331401A2060CC3E001D3526 /* src */ = {
			isa = PBXGroup;
			children = (
				B331410E2060CE20001D3526 /* blitter.c */,
				B33140CE2060CE1B001D3526 /* blitter.h */,
				B33140F92060CE1D001D3526 /* boolean.h */,
				B33140F12060CE1D001D3526 /* cdintf.c */,
				B33141002060CE1E001D3526 /* cdintf.h */,
				B33140FF2060CE1E001D3526 /* cdrom.c */,
				B33140C72060CE1B001D3526 /* cdrom.h */,
				B33141112060CE20001D3526 /* crc32.c */,
				B33140D22060CE1C001D3526 /* crc32.h */,
				B33140CB2060CE1B001D3526 /* dac.c */,
				B331410C2060CE20001D3526 /* dac.h */,
				B33140C52060CE1B001D3526 /* dsp.c */,
				B331410A2060CE1F001D3526 /* dsp.h */,
				B33140F82060CE1D001D3526 /* eeprom.c */,
				B33140F22060CE1D001D3526 /* eeprom.h */,
				B33140EA2060CE1C001D3526 /* event.c */,
				B33140F32060CE1D001D3526 /* event.h */,
				B33140FB2060CE1E001D3526 /* file.c */,
				B33141022060CE1E001D3526 /* file.h */,
				B33140CC2060CE1B001D3526 /* filedb.c */,
				B33140E82060CE1C001D3526 /* filedb.h */,
				B33141012060CE1E001D3526 /* gpu.c */,
				B33140F42060CE1D001D3526 /* gpu.h */,
				B33141082060CE1F001D3526 /* jagbios.c */,
				B33141122060CE20001D3526 /* jagbios.h */,
				B33140C82060CE1B001D3526 /* jagbios2.c */,
				B33140CD2060CE1B001D3526 /* jagbios2.h */,
				B33140D32060CE1C001D3526 /* jagcdbios.c */,
				B33141132060CE20001D3526 /* jagcdbios.h */,
				B33140D42060CE1C001D3526 /* jagdevcdbios.c */,
				B33140FC2060CE1E001D3526 /* jagdevcdbios.h */,
				B33140EC2060CE1C001D3526 /* jagstub1bios.c */,
				B33140FA2060CE1E001D3526 /* jagstub1bios.h */,
				B331410F2060CE20001D3526 /* jagstub2bios.c */,
				B33140CF2060CE1B001D3526 /* jagstub2bios.h */,
				B33140FD2060CE1E001D3526 /* jaguar.c */,
				B331410B2060CE1F001D3526 /* jaguar.h */,
				B33141092060CE1F001D3526 /* jerry.c */,
				B33141032060CE1F001D3526 /* jerry.h */,
				B33141152060CE21001D3526 /* joystick.c */,
				B33140F52060CE1D001D3526 /* joystick.h */,
				B33140D52060CE1C001D3526 /* m68000 */,
				B33141072060CE1F001D3526 /* memtrack.c */,
				B33141042060CE1F001D3526 /* memtrack.h */,
				B33140F02060CE1D001D3526 /* mmu.c */,
				B331410D2060CE20001D3526 /* mmu.h */,
				B33140F62060CE1D001D3526 /* op.c */,
				B33141162060CE21001D3526 /* op.h */,
				B33140EB2060CE1C001D3526 /* settings.c */,
				B33140CA2060CE1B001D3526 /* settings.h */,
				B33140C92060CE1B001D3526 /* tom.c */,
				B33141062060CE1F001D3526 /* tom.h */,
				B33141102060CE20001D3526 /* universalhdr.c */,
				B33140F72060CE1D001D3526 /* universalhdr.h */,
				B33140D02060CE1B001D3526 /* vjag_memory.c */,
				B33140EF2060CE1C001D3526 /* vjag_memory.h */,
				B33140EE2060CE1C001D3526 /* wavetable.c */,
				B33141052060CE1F001D3526 /* wavetable.h */,
			);
			path = src;
			sourceTree = "<group>";
		};
		B33140C12060CC66001D3526 /* Frameworks */ = {
			isa = PBXGroup;
			children = (
				B3E5489C2966530D009BFDB9 /* PVEmulatorCore.framework */,
				B35D6640218019350005A992 /* PVSupport.framework */,
				B35D663E218019200005A992 /* PVSupport.framework */,
			);
			name = Frameworks;
			sourceTree = "<group>";
		};
		B33140D52060CE1C001D3526 /* m68000 */ = {
			isa = PBXGroup;
			children = (
				B33140D72060CE1C001D3526 /* m68kinterface.h */,
				B33140D82060CE1C001D3526 /* readcpu.c */,
				B33140DA2060CE1C001D3526 /* cpudefs.c */,
				B33140DD2060CE1C001D3526 /* cputbl.h */,
				B33140DE2060CE1C001D3526 /* cpuemu.c */,
				B33140E02060CE1C001D3526 /* cpuextra.h */,
				B33140E12060CE1C001D3526 /* m68kinterface.c */,
				B33140E22060CE1C001D3526 /* cpudefs.h */,
				B33140E32060CE1C001D3526 /* readcpu.h */,
				B33140E42060CE1C001D3526 /* cpustbl.c */,
				B33140E52060CE1C001D3526 /* inlines.h */,
				B33140E62060CE1C001D3526 /* sysdeps.h */,
				B33140E72060CE1C001D3526 /* cpuextra.c */,
			);
			path = m68000;
			sourceTree = "<group>";
		};
		B394C98C2060CAB80014A65D = {
			isa = PBXGroup;
			children = (
				B33140162060CC3E001D3526 /* VirtualJaguar */,
				B394C9982060CAB80014A65D /* Supporting Files */,
				B3A68344206AF9370051AEE4 /* virtualjaguar-libretro */,
				B394C9972060CAB80014A65D /* Products */,
				B33140C12060CC66001D3526 /* Frameworks */,
			);
			sourceTree = "<group>";
		};
		B394C9972060CAB80014A65D /* Products */ = {
			isa = PBXGroup;
			children = (
				B394C9962060CAB80014A65D /* PVVirtualJaguar.framework */,
				B38DDE3126F710F800AC78C2 /* libjaguar.a */,
			);
			name = Products;
			sourceTree = "<group>";
		};
		B394C9982060CAB80014A65D /* Supporting Files */ = {
			isa = PBXGroup;
			children = (
				B33141682060DEB3001D3526 /* Core.plist */,
				B394C9992060CAB80014A65D /* PVVirtualJaguar.h */,
				B394C99A2060CAB80014A65D /* Info.plist */,
			);
			path = "Supporting Files";
			sourceTree = "<group>";
		};
		B3A68344206AF9370051AEE4 /* virtualjaguar-libretro */ = {
			isa = PBXGroup;
			children = (
				B3A68350206AF9380051AEE4 /* .gitignore */,
				B3A68346206AF9370051AEE4 /* Makefile */,
				B3A68345206AF9370051AEE4 /* libretro.c */,
				B3A6834E206AF9380051AEE4 /* Makefile.common */,
				B3A68351206AF9380051AEE4 /* libretro.h */,
				B3A6834F206AF9380051AEE4 /* README.md */,
				B3A68357206AF9380051AEE4 /* link.T */,
				B3A6835B206AF9380051AEE4 /* .travis.yml */,
				B3A68347206AF9370051AEE4 /* docs */,
				B3A68358206AF9380051AEE4 /* jni */,
				B3A68352206AF9380051AEE4 /* libretro-common */,
				B331401A2060CC3E001D3526 /* src */,
			);
			path = "virtualjaguar-libretro";
			sourceTree = "<group>";
		};
		B3A68347206AF9370051AEE4 /* docs */ = {
			isa = PBXGroup;
			children = (
				B3A68348206AF9380051AEE4 /* INSTALL */,
				B3A68349206AF9380051AEE4 /* virtualjaguar.1 */,
				B3A6834A206AF9380051AEE4 /* WHATSNEW */,
				B3A6834B206AF9380051AEE4 /* README */,
				B3A6834C206AF9380051AEE4 /* TODO */,
				B3A6834D206AF9380051AEE4 /* GPLv3 */,
			);
			path = docs;
			sourceTree = "<group>";
		};
		B3A68352206AF9380051AEE4 /* libretro-common */ = {
			isa = PBXGroup;
			children = (
				B30D2AD82717CF6800E4F414 /* compat */,
				B30D2ADE2717CF6800E4F414 /* encodings */,
				B30D2AE02717CF6800E4F414 /* file */,
				B30D2AD22717CEFD00E4F414 /* string */,
				B30D2ACD2717CEFD00E4F414 /* time */,
				B30D2ACF2717CEFD00E4F414 /* vfs */,
				B30D2AC32717CEC300E4F414 /* streams */,
				B3A68353206AF9380051AEE4 /* include */,
			);
			path = "libretro-common";
			sourceTree = "<group>";
		};
		B3A68353206AF9380051AEE4 /* include */ = {
			isa = PBXGroup;
			children = (
				B30D2ACA2717CED000E4F414 /* streams */,
				B3A68354206AF9380051AEE4 /* compat */,
			);
			path = include;
			sourceTree = "<group>";
		};
		B3A68354206AF9380051AEE4 /* compat */ = {
			isa = PBXGroup;
			children = (
				B3A68355206AF9380051AEE4 /* msvc */,
			);
			path = compat;
			sourceTree = "<group>";
		};
		B3A68355206AF9380051AEE4 /* msvc */ = {
			isa = PBXGroup;
			children = (
				B3A68356206AF9380051AEE4 /* stdint.h */,
			);
			path = msvc;
			sourceTree = "<group>";
		};
		B3A68358206AF9380051AEE4 /* jni */ = {
			isa = PBXGroup;
			children = (
				B3A68359206AF9380051AEE4 /* Android.mk */,
				B3A6835A206AF9380051AEE4 /* Application.mk */,
			);
			path = jni;
			sourceTree = "<group>";
		};
/* End PBXGroup section */

/* Begin PBXHeadersBuildPhase section */
		B394C9932060CAB80014A65D /* Headers */ = {
			isa = PBXHeadersBuildPhase;
			buildActionMask = 2147483647;
			files = (
				B331406F2060CC3E001D3526 /* PVJaguarGameCore.h in Headers */,
				B394C99B2060CAB80014A65D /* PVVirtualJaguar.h in Headers */,
			);
			runOnlyForDeploymentPostprocessing = 0;
		};
/* End PBXHeadersBuildPhase section */

/* Begin PBXNativeTarget section */
		B38DDE3026F710F800AC78C2 /* jaguar */ = {
			isa = PBXNativeTarget;
			buildConfigurationList = B38DDE3726F710F800AC78C2 /* Build configuration list for PBXNativeTarget "jaguar" */;
			buildPhases = (
				B38DDE2D26F710F800AC78C2 /* Sources */,
				B38DDE2E26F710F800AC78C2 /* Frameworks */,
				B38DDE2F26F710F800AC78C2 /* CopyFiles */,
			);
			buildRules = (
			);
			dependencies = (
			);
			name = jaguar;
			productName = jaguar;
			productReference = B38DDE3126F710F800AC78C2 /* libjaguar.a */;
			productType = "com.apple.product-type.library.static";
		};
		B394C9952060CAB80014A65D /* PVVirtualJaguar */ = {
			isa = PBXNativeTarget;
			buildConfigurationList = B394C99E2060CAB80014A65D /* Build configuration list for PBXNativeTarget "PVVirtualJaguar" */;
			buildPhases = (
				B394C9932060CAB80014A65D /* Headers */,
				B394C9912060CAB80014A65D /* Sources */,
				B394C9922060CAB80014A65D /* Frameworks */,
				B394C9942060CAB80014A65D /* Resources */,
			);
			buildRules = (
			);
			dependencies = (
				B30D2AC02717CD6D00E4F414 /* PBXTargetDependency */,
			);
			name = PVVirtualJaguar;
			packageProductDependencies = (
				B3AFCF5D2977A69000A01010 /* PVLogging */,
			);
			productName = VirtualJaguar;
			productReference = B394C9962060CAB80014A65D /* PVVirtualJaguar.framework */;
			productType = "com.apple.product-type.framework";
		};
/* End PBXNativeTarget section */

/* Begin PBXProject section */
		B394C98D2060CAB80014A65D /* Project object */ = {
			isa = PBXProject;
			attributes = {
				BuildIndependentTargetsInParallel = YES;
				CLASSPREFIX = PV;
				LastUpgradeCheck = 1300;
				ORGANIZATIONNAME = "Provenance Emu";
				TargetAttributes = {
					B38DDE3026F710F800AC78C2 = {
						CreatedOnToolsVersion = 13.0;
					};
					B394C9952060CAB80014A65D = {
						CreatedOnToolsVersion = 9.2;
						LastSwiftMigration = 1300;
						ProvisioningStyle = Manual;
					};
				};
			};
			buildConfigurationList = B394C9902060CAB80014A65D /* Build configuration list for PBXProject "PVVirtualJaguar" */;
			compatibilityVersion = "Xcode 12.0";
			developmentRegion = en;
			hasScannedForEncodings = 0;
			knownRegions = (
				en,
				Base,
			);
			mainGroup = B394C98C2060CAB80014A65D;
			productRefGroup = B394C9972060CAB80014A65D /* Products */;
			projectDirPath = "";
			projectRoot = "";
			targets = (
				B394C9952060CAB80014A65D /* PVVirtualJaguar */,
				B38DDE3026F710F800AC78C2 /* jaguar */,
			);
		};
/* End PBXProject section */

/* Begin PBXResourcesBuildPhase section */
		B394C9942060CAB80014A65D /* Resources */ = {
			isa = PBXResourcesBuildPhase;
			buildActionMask = 2147483647;
			files = (
				B33141692060DEB3001D3526 /* Core.plist in Resources */,
			);
			runOnlyForDeploymentPostprocessing = 0;
		};
/* End PBXResourcesBuildPhase section */

/* Begin PBXSourcesBuildPhase section */
		B38DDE2D26F710F800AC78C2 /* Sources */ = {
			isa = PBXSourcesBuildPhase;
			buildActionMask = 2147483647;
			files = (
				B38DDE5626F7111400AC78C2 /* jagdevcdbios.c in Sources */,
				B30D2AE92717CF9400E4F414 /* stdstring.c in Sources */,
				B30D2AC82717CEC300E4F414 /* file_stream.c in Sources */,
				B30D2AC62717CEC300E4F414 /* file_stream_transforms.c in Sources */,
				B30D2AD52717CF0200E4F414 /* vfs_implementation.c in Sources */,
				B38DDE4126F7111300AC78C2 /* op.c in Sources */,
				B38DDE4A26F7111400AC78C2 /* cdintf.c in Sources */,
				B38DDE5F26F7111400AC78C2 /* cpudefs.c in Sources */,
				B38DDE5B26F7111400AC78C2 /* memtrack.c in Sources */,
				B38DDE4526F7111400AC78C2 /* blitter.c in Sources */,
				B38DDE4B26F7111400AC78C2 /* eeprom.c in Sources */,
				B38DDE5E26F7111400AC78C2 /* vjag_memory.c in Sources */,
				B38DDE5726F7111400AC78C2 /* jagstub1bios.c in Sources */,
				B38DDE4626F7111400AC78C2 /* jagstub2bios.c in Sources */,
				B38DDE4C26F7111400AC78C2 /* m68kinterface.c in Sources */,
				B38DDE5A26F7111400AC78C2 /* cpuemu.c in Sources */,
				B38DDE5126F7111400AC78C2 /* jagbios2.c in Sources */,
				B38DDE3D26F7111300AC78C2 /* crc32.c in Sources */,
				B38DDE4E26F7111400AC78C2 /* settings.c in Sources */,
				B38DDE3C26F7111300AC78C2 /* jaguar.c in Sources */,
				B38DDE5026F7111400AC78C2 /* universalhdr.c in Sources */,
				B38DDE4226F7111300AC78C2 /* jerry.c in Sources */,
				B38DDE3F26F7111300AC78C2 /* readcpu.c in Sources */,
				B38DDE4F26F7111400AC78C2 /* cpustbl.c in Sources */,
				B38DDE4326F7111300AC78C2 /* event.c in Sources */,
				B30D2AE32717CF6C00E4F414 /* file_path.c in Sources */,
				B30D2AE72717CF7C00E4F414 /* rtime.c in Sources */,
				B38DDE4726F7111400AC78C2 /* jagbios.c in Sources */,
				B38DDE5C26F7111400AC78C2 /* dsp.c in Sources */,
				B38DDE4426F7111400AC78C2 /* wavetable.c in Sources */,
				B38DDE5326F7111400AC78C2 /* dac.c in Sources */,
				B38DDE5826F7111400AC78C2 /* cpuextra.c in Sources */,
				B38DDE5426F7111400AC78C2 /* gpu.c in Sources */,
				B38DDE6026F7111400AC78C2 /* mmu.c in Sources */,
				B38DDE4D26F7111400AC78C2 /* tom.c in Sources */,
				B38DDE3E26F7111300AC78C2 /* joystick.c in Sources */,
				B38DDE5D26F7111400AC78C2 /* jagcdbios.c in Sources */,
				B38DDE5226F7111400AC78C2 /* cdrom.c in Sources */,
				B38DDE4026F7111300AC78C2 /* file.c in Sources */,
				B38DDE4826F7111400AC78C2 /* filedb.c in Sources */,
				B30D2AEB2717CFA400E4F414 /* encoding_utf.c in Sources */,
				B30D2AE42717CF6C00E4F414 /* file_path_io.c in Sources */,
			);
			runOnlyForDeploymentPostprocessing = 0;
		};
		B394C9912060CAB80014A65D /* Sources */ = {
			isa = PBXSourcesBuildPhase;
			buildActionMask = 2147483647;
			files = (
				B331406D2060CC3E001D3526 /* PVJaguarGameCore.m in Sources */,
				B387E08726F71F7B00154D39 /* CoreOptions.swift in Sources */,
			);
			runOnlyForDeploymentPostprocessing = 0;
		};
/* End PBXSourcesBuildPhase section */

/* Begin PBXTargetDependency section */
		B30D2AC02717CD6D00E4F414 /* PBXTargetDependency */ = {
			isa = PBXTargetDependency;
			target = B38DDE3026F710F800AC78C2 /* jaguar */;
			targetProxy = B30D2ABF2717CD6D00E4F414 /* PBXContainerItemProxy */;
		};
/* End PBXTargetDependency section */

/* Begin XCBuildConfiguration section */
		B324C62621920967009F4EDC /* Archive */ = {
			isa = XCBuildConfiguration;
			buildSettings = {
				ALWAYS_SEARCH_USER_PATHS = NO;
				CLANG_ANALYZER_NONNULL = YES;
				CLANG_ANALYZER_NUMBER_OBJECT_CONVERSION = YES_AGGRESSIVE;
				CLANG_CXX_LANGUAGE_STANDARD = "compiler-default";
				CLANG_CXX_LIBRARY = "compiler-default";
				CLANG_ENABLE_MODULES = YES;
				CLANG_ENABLE_OBJC_ARC = YES;
				CLANG_WARN_BLOCK_CAPTURE_AUTORELEASING = YES;
				CLANG_WARN_BOOL_CONVERSION = YES;
				CLANG_WARN_COMMA = YES;
				CLANG_WARN_CONSTANT_CONVERSION = YES;
				CLANG_WARN_DEPRECATED_OBJC_IMPLEMENTATIONS = YES;
				CLANG_WARN_DIRECT_OBJC_ISA_USAGE = YES_ERROR;
				CLANG_WARN_DOCUMENTATION_COMMENTS = YES;
				CLANG_WARN_EMPTY_BODY = YES;
				CLANG_WARN_ENUM_CONVERSION = YES;
				CLANG_WARN_INFINITE_RECURSION = YES;
				CLANG_WARN_INT_CONVERSION = YES;
				CLANG_WARN_NON_LITERAL_NULL_CONVERSION = YES;
				CLANG_WARN_OBJC_IMPLICIT_RETAIN_SELF = YES;
				CLANG_WARN_OBJC_LITERAL_CONVERSION = YES;
				CLANG_WARN_OBJC_ROOT_CLASS = YES_ERROR;
				CLANG_WARN_QUOTED_INCLUDE_IN_FRAMEWORK_HEADER = YES;
				CLANG_WARN_RANGE_LOOP_ANALYSIS = YES;
				CLANG_WARN_STRICT_PROTOTYPES = YES;
				CLANG_WARN_SUSPICIOUS_MOVE = YES;
				CLANG_WARN_UNGUARDED_AVAILABILITY = YES_AGGRESSIVE;
				CLANG_WARN_UNREACHABLE_CODE = YES;
				CLANG_WARN__DUPLICATE_METHOD_MATCH = YES;
				CODE_SIGN_IDENTITY = "iPhone Developer";
				COPY_PHASE_STRIP = NO;
				CURRENT_PROJECT_VERSION = 1;
				DEBUG_INFORMATION_FORMAT = "dwarf-with-dsym";
				ENABLE_BITCODE = NO;
				ENABLE_NS_ASSERTIONS = NO;
				ENABLE_STRICT_OBJC_MSGSEND = YES;
				GCC_C_LANGUAGE_STANDARD = c99;
				GCC_NO_COMMON_BLOCKS = YES;
				GCC_OPTIMIZATION_LEVEL = fast;
				GCC_PREPROCESSOR_DEFINITIONS = (
					__LIBRETRO__,
					HAVE_COCOATOUCH,
				);
				GCC_SYMBOLS_PRIVATE_EXTERN = NO;
				GCC_WARN_64_TO_32_BIT_CONVERSION = YES;
				GCC_WARN_ABOUT_RETURN_TYPE = YES_ERROR;
				GCC_WARN_INHIBIT_ALL_WARNINGS = NO;
				GCC_WARN_UNDECLARED_SELECTOR = YES;
				GCC_WARN_UNINITIALIZED_AUTOS = YES_AGGRESSIVE;
				GCC_WARN_UNUSED_FUNCTION = YES;
				GCC_WARN_UNUSED_VARIABLE = YES;
				HEADER_SEARCH_PATHS = (
					"\"$(SRCROOT)/VirtualJaguar/src\"/**",
					"\"$(SRCROOT)/virtualjaguar-libretro/src\"",
					"\"$(SRCROOT)/virtualjaguar-libretro/libretro-common/include\"",
				);
				IPHONEOS_DEPLOYMENT_TARGET = 13.0;
				MTL_ENABLE_DEBUG_INFO = NO;
				SDKROOT = auto;
				TVOS_DEPLOYMENT_TARGET = 13.0;
				VALIDATE_PRODUCT = YES;
				VERSIONING_SYSTEM = "apple-generic";
				VERSION_INFO_PREFIX = "";
			};
			name = Archive;
		};
		B324C62721920967009F4EDC /* Archive */ = {
			isa = XCBuildConfiguration;
			buildSettings = {
				ALLOW_TARGET_PLATFORM_SPECIALIZATION = YES;
				CLANG_CXX_LANGUAGE_STANDARD = "gnu++14";
				CLANG_CXX_LIBRARY = "libc++";
				CLANG_ENABLE_MODULES = YES;
				CODE_SIGN_IDENTITY = "Apple Development";
				CODE_SIGN_STYLE = Automatic;
				DEFINES_MODULE = YES;
				DEVELOPMENT_TEAM = S32Z3HMYVQ;
				DYLIB_COMPATIBILITY_VERSION = 1;
				DYLIB_CURRENT_VERSION = 1;
				DYLIB_INSTALL_NAME_BASE = "@rpath";
				FRAMEWORK_SEARCH_PATHS = "$(inherited)";
				GCC_PREPROCESSOR_DEFINITIONS = (
					"INLINE=inline",
					"USE_STRUCTS=1",
				);
				GCC_SYMBOLS_PRIVATE_EXTERN = YES;
				GCC_UNROLL_LOOPS = YES;
				HEADER_SEARCH_PATHS = (
					"$(inherited)",
					"\"$(SRCROOT)/VirtualJaguar/src\"/**",
					"\"$(SRCROOT)/virtualjaguar-libretro/src\"",
				);
				INFOPLIST_FILE = "$(SRCROOT)/Supporting Files/Info.plist";
				INSTALL_PATH = "$(LOCAL_LIBRARY_DIR)/Frameworks";
				IPHONEOS_DEPLOYMENT_TARGET = 13.0;
				"IPHONEOS_DEPLOYMENT_TARGET[sdk=macosx*]" = 15.0;
				LD_RUNPATH_SEARCH_PATHS = (
					"$(inherited)",
					"@executable_path/Frameworks",
					"@loader_path/Frameworks",
				);
				"LD_RUNPATH_SEARCH_PATHS[sdk=macosx*]" = (
					"@executable_path/../Frameworks",
					"@loader_path/Frameworks",
				);
				OTHER_CFLAGS = (
					"$(inherited)",
					"-D__GCCUNIX__",
				);
				PRODUCT_BUNDLE_IDENTIFIER = com.provenance.VirtualJaguar;
				PRODUCT_NAME = PVVirtualJaguar;
				PROVISIONING_PROFILE_SPECIFIER = "";
				SKIP_INSTALL = YES;
				SUPPORTED_PLATFORMS = "appletvos appletvsimulator iphoneos iphonesimulator macosx watchos watchsimulator";
				SUPPORTS_MACCATALYST = YES;
				SUPPORTS_MAC_DESIGNED_FOR_IPHONE_IPAD = YES;
				SWIFT_COMPILATION_MODE = wholemodule;
				SWIFT_VERSION = 5.0;
				TARGETED_DEVICE_FAMILY = "1,2,3,4,6";
			};
			name = Archive;
		};
		B38DDE3826F710F800AC78C2 /* Debug */ = {
			isa = XCBuildConfiguration;
			buildSettings = {
				ALLOW_TARGET_PLATFORM_SPECIALIZATION = YES;
				CLANG_CXX_LANGUAGE_STANDARD = "gnu++14";
				CLANG_CXX_LIBRARY = "libc++";
				CLANG_ENABLE_OBJC_WEAK = NO;
				CODE_SIGN_IDENTITY = "";
				CODE_SIGN_STYLE = Manual;
				GCC_C_LANGUAGE_STANDARD = gnu11;
				GCC_PREPROCESSOR_DEFINITIONS = (
					"$(inherited)",
					"INLINE=inline",
					"USE_STRUCTS=1",
				);
				GCC_SYMBOLS_PRIVATE_EXTERN = YES;
				GCC_UNROLL_LOOPS = YES;
				GCC_WARN_INHIBIT_ALL_WARNINGS = YES;
				HEADER_SEARCH_PATHS = (
					"$(inherited)",
					"\"$(SRCROOT)/VirtualJaguar/src\"/**",
					"\"$(SRCROOT)/virtualjaguar-libretro/src\"",
				);
				IPHONEOS_DEPLOYMENT_TARGET = 13.0;
				"IPHONEOS_DEPLOYMENT_TARGET[sdk=macosx*]" = 15.0;
				MTL_FAST_MATH = YES;
				OTHER_CFLAGS = (
					"$(inherited)",
					"-D__GCCUNIX__",
				);
				PRODUCT_NAME = "$(TARGET_NAME)";
				SKIP_INSTALL = YES;
				SUPPORTED_PLATFORMS = "watchsimulator watchos macosx iphonesimulator iphoneos appletvsimulator appletvos";
				SUPPORTS_MACCATALYST = YES;
				TARGETED_DEVICE_FAMILY = "1,2,3,4,6";
			};
			name = Debug;
		};
		B38DDE3926F710F800AC78C2 /* Release */ = {
			isa = XCBuildConfiguration;
			buildSettings = {
				ALLOW_TARGET_PLATFORM_SPECIALIZATION = YES;
				CLANG_CXX_LANGUAGE_STANDARD = "gnu++14";
				CLANG_CXX_LIBRARY = "libc++";
				CLANG_ENABLE_OBJC_WEAK = NO;
				CODE_SIGN_IDENTITY = "";
				CODE_SIGN_STYLE = Manual;
				GCC_C_LANGUAGE_STANDARD = gnu11;
				GCC_PREPROCESSOR_DEFINITIONS = (
					"$(inherited)",
					"INLINE=inline",
					"USE_STRUCTS=1",
				);
				GCC_SYMBOLS_PRIVATE_EXTERN = YES;
				GCC_UNROLL_LOOPS = YES;
				GCC_WARN_INHIBIT_ALL_WARNINGS = YES;
				HEADER_SEARCH_PATHS = (
					"$(inherited)",
					"\"$(SRCROOT)/VirtualJaguar/src\"/**",
					"\"$(SRCROOT)/virtualjaguar-libretro/src\"",
				);
				IPHONEOS_DEPLOYMENT_TARGET = 13.0;
				"IPHONEOS_DEPLOYMENT_TARGET[sdk=macosx*]" = 15.0;
				MTL_FAST_MATH = YES;
				OTHER_CFLAGS = (
					"$(inherited)",
					"-D__GCCUNIX__",
				);
				PRODUCT_NAME = "$(TARGET_NAME)";
				SKIP_INSTALL = YES;
				SUPPORTED_PLATFORMS = "watchsimulator watchos macosx iphonesimulator iphoneos appletvsimulator appletvos";
				SUPPORTS_MACCATALYST = YES;
				TARGETED_DEVICE_FAMILY = "1,2,3,4,6";
			};
			name = Release;
		};
		B38DDE3A26F710F800AC78C2 /* Archive */ = {
			isa = XCBuildConfiguration;
			buildSettings = {
				ALLOW_TARGET_PLATFORM_SPECIALIZATION = YES;
				CLANG_CXX_LANGUAGE_STANDARD = "gnu++14";
				CLANG_CXX_LIBRARY = "libc++";
				CLANG_ENABLE_OBJC_WEAK = NO;
				CODE_SIGN_IDENTITY = "";
				CODE_SIGN_STYLE = Manual;
				GCC_C_LANGUAGE_STANDARD = gnu11;
				GCC_PREPROCESSOR_DEFINITIONS = (
					"$(inherited)",
					"INLINE=inline",
					"USE_STRUCTS=1",
				);
				GCC_SYMBOLS_PRIVATE_EXTERN = YES;
				GCC_UNROLL_LOOPS = YES;
				GCC_WARN_INHIBIT_ALL_WARNINGS = YES;
				HEADER_SEARCH_PATHS = (
					"$(inherited)",
					"\"$(SRCROOT)/VirtualJaguar/src\"/**",
					"\"$(SRCROOT)/virtualjaguar-libretro/src\"",
				);
				IPHONEOS_DEPLOYMENT_TARGET = 13.0;
				"IPHONEOS_DEPLOYMENT_TARGET[sdk=macosx*]" = 15.0;
				MTL_FAST_MATH = YES;
				OTHER_CFLAGS = (
					"$(inherited)",
					"-D__GCCUNIX__",
				);
				PRODUCT_NAME = "$(TARGET_NAME)";
				SKIP_INSTALL = YES;
				SUPPORTED_PLATFORMS = "watchsimulator watchos macosx iphonesimulator iphoneos appletvsimulator appletvos";
				SUPPORTS_MACCATALYST = YES;
				TARGETED_DEVICE_FAMILY = "1,2,3,4,6";
			};
			name = Archive;
		};
		B394C99C2060CAB80014A65D /* Debug */ = {
			isa = XCBuildConfiguration;
			buildSettings = {
				ALWAYS_SEARCH_USER_PATHS = NO;
				CLANG_ANALYZER_NONNULL = YES;
				CLANG_ANALYZER_NUMBER_OBJECT_CONVERSION = YES_AGGRESSIVE;
				CLANG_CXX_LANGUAGE_STANDARD = "compiler-default";
				CLANG_CXX_LIBRARY = "compiler-default";
				CLANG_ENABLE_MODULES = YES;
				CLANG_ENABLE_OBJC_ARC = YES;
				CLANG_WARN_BLOCK_CAPTURE_AUTORELEASING = YES;
				CLANG_WARN_BOOL_CONVERSION = YES;
				CLANG_WARN_COMMA = YES;
				CLANG_WARN_CONSTANT_CONVERSION = YES;
				CLANG_WARN_DEPRECATED_OBJC_IMPLEMENTATIONS = YES;
				CLANG_WARN_DIRECT_OBJC_ISA_USAGE = YES_ERROR;
				CLANG_WARN_DOCUMENTATION_COMMENTS = YES;
				CLANG_WARN_EMPTY_BODY = YES;
				CLANG_WARN_ENUM_CONVERSION = YES;
				CLANG_WARN_INFINITE_RECURSION = YES;
				CLANG_WARN_INT_CONVERSION = YES;
				CLANG_WARN_NON_LITERAL_NULL_CONVERSION = YES;
				CLANG_WARN_OBJC_IMPLICIT_RETAIN_SELF = YES;
				CLANG_WARN_OBJC_LITERAL_CONVERSION = YES;
				CLANG_WARN_OBJC_ROOT_CLASS = YES_ERROR;
				CLANG_WARN_QUOTED_INCLUDE_IN_FRAMEWORK_HEADER = YES;
				CLANG_WARN_RANGE_LOOP_ANALYSIS = YES;
				CLANG_WARN_STRICT_PROTOTYPES = YES;
				CLANG_WARN_SUSPICIOUS_MOVE = YES;
				CLANG_WARN_UNGUARDED_AVAILABILITY = YES_AGGRESSIVE;
				CLANG_WARN_UNREACHABLE_CODE = YES;
				CLANG_WARN__DUPLICATE_METHOD_MATCH = YES;
				CODE_SIGN_IDENTITY = "iPhone Developer";
				COPY_PHASE_STRIP = NO;
				CURRENT_PROJECT_VERSION = 1;
				DEBUG_INFORMATION_FORMAT = dwarf;
				ENABLE_BITCODE = NO;
				ENABLE_STRICT_OBJC_MSGSEND = YES;
				ENABLE_TESTABILITY = YES;
				GCC_C_LANGUAGE_STANDARD = c99;
				GCC_DYNAMIC_NO_PIC = NO;
				GCC_NO_COMMON_BLOCKS = YES;
				GCC_OPTIMIZATION_LEVEL = 0;
				GCC_PREPROCESSOR_DEFINITIONS = (
					__LIBRETRO__,
					HAVE_COCOATOUCH,
				);
				GCC_SYMBOLS_PRIVATE_EXTERN = NO;
				GCC_WARN_64_TO_32_BIT_CONVERSION = YES;
				GCC_WARN_ABOUT_RETURN_TYPE = YES_ERROR;
				GCC_WARN_INHIBIT_ALL_WARNINGS = NO;
				GCC_WARN_UNDECLARED_SELECTOR = YES;
				GCC_WARN_UNINITIALIZED_AUTOS = YES_AGGRESSIVE;
				GCC_WARN_UNUSED_FUNCTION = YES;
				GCC_WARN_UNUSED_VARIABLE = YES;
				HEADER_SEARCH_PATHS = (
					"\"$(SRCROOT)/VirtualJaguar/src\"/**",
					"\"$(SRCROOT)/virtualjaguar-libretro/src\"",
					"\"$(SRCROOT)/virtualjaguar-libretro/libretro-common/include\"",
				);
				IPHONEOS_DEPLOYMENT_TARGET = 13.0;
				MTL_ENABLE_DEBUG_INFO = YES;
				ONLY_ACTIVE_ARCH = YES;
				SDKROOT = auto;
				TVOS_DEPLOYMENT_TARGET = 13.0;
				VERSIONING_SYSTEM = "apple-generic";
				VERSION_INFO_PREFIX = "";
			};
			name = Debug;
		};
		B394C99D2060CAB80014A65D /* Release */ = {
			isa = XCBuildConfiguration;
			buildSettings = {
				ALWAYS_SEARCH_USER_PATHS = NO;
				CLANG_ANALYZER_NONNULL = YES;
				CLANG_ANALYZER_NUMBER_OBJECT_CONVERSION = YES_AGGRESSIVE;
				CLANG_CXX_LANGUAGE_STANDARD = "compiler-default";
				CLANG_CXX_LIBRARY = "compiler-default";
				CLANG_ENABLE_MODULES = YES;
				CLANG_ENABLE_OBJC_ARC = YES;
				CLANG_WARN_BLOCK_CAPTURE_AUTORELEASING = YES;
				CLANG_WARN_BOOL_CONVERSION = YES;
				CLANG_WARN_COMMA = YES;
				CLANG_WARN_CONSTANT_CONVERSION = YES;
				CLANG_WARN_DEPRECATED_OBJC_IMPLEMENTATIONS = YES;
				CLANG_WARN_DIRECT_OBJC_ISA_USAGE = YES_ERROR;
				CLANG_WARN_DOCUMENTATION_COMMENTS = YES;
				CLANG_WARN_EMPTY_BODY = YES;
				CLANG_WARN_ENUM_CONVERSION = YES;
				CLANG_WARN_INFINITE_RECURSION = YES;
				CLANG_WARN_INT_CONVERSION = YES;
				CLANG_WARN_NON_LITERAL_NULL_CONVERSION = YES;
				CLANG_WARN_OBJC_IMPLICIT_RETAIN_SELF = YES;
				CLANG_WARN_OBJC_LITERAL_CONVERSION = YES;
				CLANG_WARN_OBJC_ROOT_CLASS = YES_ERROR;
				CLANG_WARN_QUOTED_INCLUDE_IN_FRAMEWORK_HEADER = YES;
				CLANG_WARN_RANGE_LOOP_ANALYSIS = YES;
				CLANG_WARN_STRICT_PROTOTYPES = YES;
				CLANG_WARN_SUSPICIOUS_MOVE = YES;
				CLANG_WARN_UNGUARDED_AVAILABILITY = YES_AGGRESSIVE;
				CLANG_WARN_UNREACHABLE_CODE = YES;
				CLANG_WARN__DUPLICATE_METHOD_MATCH = YES;
				CODE_SIGN_IDENTITY = "iPhone Developer";
				COPY_PHASE_STRIP = NO;
				CURRENT_PROJECT_VERSION = 1;
				DEBUG_INFORMATION_FORMAT = "dwarf-with-dsym";
				ENABLE_BITCODE = NO;
				ENABLE_NS_ASSERTIONS = NO;
				ENABLE_STRICT_OBJC_MSGSEND = YES;
				GCC_C_LANGUAGE_STANDARD = c99;
				GCC_NO_COMMON_BLOCKS = YES;
				GCC_OPTIMIZATION_LEVEL = fast;
				GCC_PREPROCESSOR_DEFINITIONS = (
					__LIBRETRO__,
					HAVE_COCOATOUCH,
				);
				GCC_SYMBOLS_PRIVATE_EXTERN = NO;
				GCC_WARN_64_TO_32_BIT_CONVERSION = YES;
				GCC_WARN_ABOUT_RETURN_TYPE = YES_ERROR;
				GCC_WARN_INHIBIT_ALL_WARNINGS = NO;
				GCC_WARN_UNDECLARED_SELECTOR = YES;
				GCC_WARN_UNINITIALIZED_AUTOS = YES_AGGRESSIVE;
				GCC_WARN_UNUSED_FUNCTION = YES;
				GCC_WARN_UNUSED_VARIABLE = YES;
				HEADER_SEARCH_PATHS = (
					"\"$(SRCROOT)/VirtualJaguar/src\"/**",
					"\"$(SRCROOT)/virtualjaguar-libretro/src\"",
					"\"$(SRCROOT)/virtualjaguar-libretro/libretro-common/include\"",
				);
				IPHONEOS_DEPLOYMENT_TARGET = 13.0;
				MTL_ENABLE_DEBUG_INFO = NO;
				ONLY_ACTIVE_ARCH = YES;
				SDKROOT = auto;
				TVOS_DEPLOYMENT_TARGET = 13.0;
				VALIDATE_PRODUCT = YES;
				VERSIONING_SYSTEM = "apple-generic";
				VERSION_INFO_PREFIX = "";
			};
			name = Release;
		};
		B394C99F2060CAB80014A65D /* Debug */ = {
			isa = XCBuildConfiguration;
			buildSettings = {
				ALLOW_TARGET_PLATFORM_SPECIALIZATION = YES;
				CLANG_CXX_LANGUAGE_STANDARD = "gnu++14";
				CLANG_CXX_LIBRARY = "libc++";
				CLANG_ENABLE_MODULES = YES;
				CODE_SIGN_IDENTITY = "Apple Development";
				CODE_SIGN_STYLE = Automatic;
				DEFINES_MODULE = YES;
				DEVELOPMENT_TEAM = S32Z3HMYVQ;
				DYLIB_COMPATIBILITY_VERSION = 1;
				DYLIB_CURRENT_VERSION = 1;
				DYLIB_INSTALL_NAME_BASE = "@rpath";
				FRAMEWORK_SEARCH_PATHS = "$(inherited)";
				GCC_PREPROCESSOR_DEFINITIONS = (
					"INLINE=inline",
					"USE_STRUCTS=1",
				);
				GCC_SYMBOLS_PRIVATE_EXTERN = YES;
				GCC_UNROLL_LOOPS = YES;
				HEADER_SEARCH_PATHS = (
					"$(inherited)",
					"\"$(SRCROOT)/VirtualJaguar/src\"/**",
					"\"$(SRCROOT)/virtualjaguar-libretro/src\"",
				);
				INFOPLIST_FILE = "$(SRCROOT)/Supporting Files/Info.plist";
				INSTALL_PATH = "$(LOCAL_LIBRARY_DIR)/Frameworks";
				IPHONEOS_DEPLOYMENT_TARGET = 13.0;
				"IPHONEOS_DEPLOYMENT_TARGET[sdk=macosx*]" = 15.0;
				LD_RUNPATH_SEARCH_PATHS = (
					"$(inherited)",
					"@executable_path/Frameworks",
					"@loader_path/Frameworks",
				);
				"LD_RUNPATH_SEARCH_PATHS[sdk=macosx*]" = (
					"@executable_path/../Frameworks",
					"@loader_path/Frameworks",
				);
				OTHER_CFLAGS = (
					"$(inherited)",
					"-D__GCCUNIX__",
				);
				PRODUCT_BUNDLE_IDENTIFIER = com.provenance.VirtualJaguar;
				PRODUCT_NAME = PVVirtualJaguar;
				PROVISIONING_PROFILE_SPECIFIER = "";
				SKIP_INSTALL = YES;
				SUPPORTED_PLATFORMS = "appletvos appletvsimulator iphoneos iphonesimulator macosx watchos watchsimulator";
				SUPPORTS_MACCATALYST = YES;
				SUPPORTS_MAC_DESIGNED_FOR_IPHONE_IPAD = YES;
				SWIFT_OPTIMIZATION_LEVEL = "-Onone";
				SWIFT_VERSION = 5.0;
				TARGETED_DEVICE_FAMILY = "1,2,3,4,6";
			};
			name = Debug;
		};
		B394C9A02060CAB80014A65D /* Release */ = {
			isa = XCBuildConfiguration;
			buildSettings = {
				ALLOW_TARGET_PLATFORM_SPECIALIZATION = YES;
				CLANG_CXX_LANGUAGE_STANDARD = "gnu++14";
				CLANG_CXX_LIBRARY = "libc++";
				CLANG_ENABLE_MODULES = YES;
				CODE_SIGN_IDENTITY = "Apple Development";
				CODE_SIGN_STYLE = Automatic;
				DEFINES_MODULE = YES;
				DEVELOPMENT_TEAM = S32Z3HMYVQ;
				DYLIB_COMPATIBILITY_VERSION = 1;
				DYLIB_CURRENT_VERSION = 1;
				DYLIB_INSTALL_NAME_BASE = "@rpath";
				FRAMEWORK_SEARCH_PATHS = "$(inherited)";
				GCC_PREPROCESSOR_DEFINITIONS = (
					"INLINE=inline",
					"USE_STRUCTS=1",
				);
				GCC_SYMBOLS_PRIVATE_EXTERN = YES;
				GCC_UNROLL_LOOPS = YES;
				HEADER_SEARCH_PATHS = (
					"$(inherited)",
					"\"$(SRCROOT)/VirtualJaguar/src\"/**",
					"\"$(SRCROOT)/virtualjaguar-libretro/src\"",
				);
				INFOPLIST_FILE = "$(SRCROOT)/Supporting Files/Info.plist";
				INSTALL_PATH = "$(LOCAL_LIBRARY_DIR)/Frameworks";
				IPHONEOS_DEPLOYMENT_TARGET = 13.0;
				"IPHONEOS_DEPLOYMENT_TARGET[sdk=macosx*]" = 15.0;
				LD_RUNPATH_SEARCH_PATHS = (
					"$(inherited)",
					"@executable_path/Frameworks",
					"@loader_path/Frameworks",
				);
				"LD_RUNPATH_SEARCH_PATHS[sdk=macosx*]" = (
					"@executable_path/../Frameworks",
					"@loader_path/Frameworks",
				);
				OTHER_CFLAGS = (
					"$(inherited)",
					"-D__GCCUNIX__",
				);
				PRODUCT_BUNDLE_IDENTIFIER = com.provenance.VirtualJaguar;
				PRODUCT_NAME = PVVirtualJaguar;
				PROVISIONING_PROFILE_SPECIFIER = "";
				SKIP_INSTALL = YES;
				SUPPORTED_PLATFORMS = "appletvos appletvsimulator iphoneos iphonesimulator macosx watchos watchsimulator";
				SUPPORTS_MACCATALYST = YES;
				SUPPORTS_MAC_DESIGNED_FOR_IPHONE_IPAD = YES;
				SWIFT_COMPILATION_MODE = wholemodule;
				SWIFT_VERSION = 5.0;
				TARGETED_DEVICE_FAMILY = "1,2,3,4,6";
			};
			name = Release;
		};
/* End XCBuildConfiguration section */

/* Begin XCConfigurationList section */
		B38DDE3726F710F800AC78C2 /* Build configuration list for PBXNativeTarget "jaguar" */ = {
			isa = XCConfigurationList;
			buildConfigurations = (
				B38DDE3826F710F800AC78C2 /* Debug */,
				B38DDE3926F710F800AC78C2 /* Release */,
				B38DDE3A26F710F800AC78C2 /* Archive */,
			);
			defaultConfigurationIsVisible = 0;
			defaultConfigurationName = Release;
		};
		B394C9902060CAB80014A65D /* Build configuration list for PBXProject "PVVirtualJaguar" */ = {
			isa = XCConfigurationList;
			buildConfigurations = (
				B394C99C2060CAB80014A65D /* Debug */,
				B394C99D2060CAB80014A65D /* Release */,
				B324C62621920967009F4EDC /* Archive */,
			);
			defaultConfigurationIsVisible = 0;
			defaultConfigurationName = Release;
		};
		B394C99E2060CAB80014A65D /* Build configuration list for PBXNativeTarget "PVVirtualJaguar" */ = {
			isa = XCConfigurationList;
			buildConfigurations = (
				B394C99F2060CAB80014A65D /* Debug */,
				B394C9A02060CAB80014A65D /* Release */,
				B324C62721920967009F4EDC /* Archive */,
			);
			defaultConfigurationIsVisible = 0;
			defaultConfigurationName = Release;
		};
/* End XCConfigurationList section */

/* Begin XCSwiftPackageProductDependency section */
		B3AFCF5D2977A69000A01010 /* PVLogging */ = {
			isa = XCSwiftPackageProductDependency;
			productName = PVLogging;
		};
/* End XCSwiftPackageProductDependency section */
	};
	rootObject = B394C98D2060CAB80014A65D /* Project object */;
}
